
Microsoft Visual Studio Solution File, Format Version 12.00
# Visual Studio Version 17
VisualStudioVersion = 17.13.35931.197 d17.13
MinimumVisualStudioVersion = 10.0.40219.1
Project("{FAE04EC0-301F-11D3-BF4B-00C04F79EFBC}") = "CSO_Processor", "CSO_Processor.csproj", "{C16CA58A-FC6A-4227-9019-05E378EDA9C1}"
EndProject
Global
	GlobalSection(SolutionConfigurationPlatforms) = preSolution
		Debug|Any CPU = Debug|Any CPU
		Release|Any CPU = Release|Any CPU
	EndGlobalSection
	GlobalSection(ProjectConfigurationPlatforms) = postSolution
		{C16CA58A-FC6A-4227-9019-05E378EDA9C1}.Debug|Any CPU.ActiveCfg = Debug|Any CPU
		{C16CA58A-FC6A-4227-9019-05E378EDA9C1}.Debug|Any CPU.Build.0 = Debug|Any CPU
		{C16CA58A-FC6A-4227-9019-05E378EDA9C1}.Release|Any CPU.ActiveCfg = Release|Any CPU
		{C16CA58A-FC6A-4227-9019-05E378EDA9C1}.Release|Any CPU.Build.0 = Release|Any CPU
	EndGlobalSection
	GlobalSection(SolutionProperties) = preSolution
		HideSolutionNode = FALSE
	EndGlobalSection
	GlobalSection(ExtensibilityGlobals) = postSolution
		SolutionGuid = {B3645A5D-59E4-4024-AEE8-92AD7A45013F}
	EndGlobalSection
EndGlobal
